
Microsoft Visual Studio Solution File, Format Version 12.00
# Visual Studio Version 17
VisualStudioVersion = 17.3.32721.290
MinimumVisualStudioVersion = 10.0.40219.1
Project("{9A19103F-16F7-4668-BE54-9A1E7A4F7556}") = "HelloAbp", "HelloAbp\HelloAbp.csproj", "{89A4C000-C06A-4B3B-A1D7-7A4AFB1A3360}"
EndProject
Project("{9A19103F-16F7-4668-BE54-9A1E7A4F7556}") = "WebApplication1", "WebApplication1\WebApplication1.csproj", "{5C391C2A-A32B-46C1-BDED-8D64E1B8D457}"
EndProject
Project("{2150E333-8FDC-42A3-9474-1A3956D46DE8}") = "src", "src", "{E28BD10C-948C-46B5-A4FA-8D575020B853}"
EndProject
Project("{2150E333-8FDC-42A3-9474-1A3956D46DE8}") = "test", "test", "{96DCB79B-FA06-4815-862A-82892125BC30}"
EndProject
Project("{FAE04EC0-301F-11D3-BF4B-00C04F79EFBC}") = "Sample.Novel.EntityFrameworkCore", "Sample.Novel.EntityFrameworkCore\Sample.Novel.EntityFrameworkCore.csproj", "{F63EE602-1761-43DA-A960-0EF72BEBD295}"
EndProject
Global
	GlobalSection(SolutionConfigurationPlatforms) = preSolution
		Debug|Any CPU = Debug|Any CPU
		Release|Any CPU = Release|Any CPU
	EndGlobalSection
	GlobalSection(ProjectConfigurationPlatforms) = postSolution
		{89A4C000-C06A-4B3B-A1D7-7A4AFB1A3360}.Debug|Any CPU.ActiveCfg = Debug|Any CPU
		{89A4C000-C06A-4B3B-A1D7-7A4AFB1A3360}.Debug|Any CPU.Build.0 = Debug|Any CPU
		{89A4C000-C06A-4B3B-A1D7-7A4AFB1A3360}.Release|Any CPU.ActiveCfg = Release|Any CPU
		{89A4C000-C06A-4B3B-A1D7-7A4AFB1A3360}.Release|Any CPU.Build.0 = Release|Any CPU
		{5C391C2A-A32B-46C1-BDED-8D64E1B8D457}.Debug|Any CPU.ActiveCfg = Debug|Any CPU
		{5C391C2A-A32B-46C1-BDED-8D64E1B8D457}.Debug|Any CPU.Build.0 = Debug|Any CPU
		{5C391C2A-A32B-46C1-BDED-8D64E1B8D457}.Release|Any CPU.ActiveCfg = Release|Any CPU
		{5C391C2A-A32B-46C1-BDED-8D64E1B8D457}.Release|Any CPU.Build.0 = Release|Any CPU
		{F63EE602-1761-43DA-A960-0EF72BEBD295}.Debug|Any CPU.ActiveCfg = Debug|Any CPU
		{F63EE602-1761-43DA-A960-0EF72BEBD295}.Debug|Any CPU.Build.0 = Debug|Any CPU
		{F63EE602-1761-43DA-A960-0EF72BEBD295}.Release|Any CPU.ActiveCfg = Release|Any CPU
		{F63EE602-1761-43DA-A960-0EF72BEBD295}.Release|Any CPU.Build.0 = Release|Any CPU
	EndGlobalSection
	GlobalSection(SolutionProperties) = preSolution
		HideSolutionNode = FALSE
	EndGlobalSection
	GlobalSection(NestedProjects) = preSolution
		{F63EE602-1761-43DA-A960-0EF72BEBD295} = {E28BD10C-948C-46B5-A4FA-8D575020B853}
	EndGlobalSection
	GlobalSection(ExtensibilityGlobals) = postSolution
		SolutionGuid = {BBB17853-3FE7-4B5E-A079-5CC61E756431}
	EndGlobalSection
EndGlobal
